// !$*UTF8*$!
{
	archiveVersion = 1;
	classes = {
	};
	objectVersion = 46;
	objects = {

/* Begin PBXBuildFile section */
		77993F3C1EE6C04900E2B880 /* LoginManager.swift in Sources */ = {isa = PBXBuildFile; fileRef = 77993F3B1EE6C04900E2B880 /* LoginManager.swift */; };
		77A77E091F0B759200CFB85D /* Constants.swift in Sources */ = {isa = PBXBuildFile; fileRef = 77A77E081F0B759200CFB85D /* Constants.swift */; };
		77A77E0C1F0B778800CFB85D /* SoundCloudAuthenticator.swift in Sources */ = {isa = PBXBuildFile; fileRef = 77A77E0A1F0B778800CFB85D /* SoundCloudAuthenticator.swift */; };
		77A77E0D1F0B778800CFB85D /* SoundCloudLoginViewController.swift in Sources */ = {isa = PBXBuildFile; fileRef = 77A77E0B1F0B778800CFB85D /* SoundCloudLoginViewController.swift */; };
		77E7EAF51EE097C000F00552 /* AppDelegate.swift in Sources */ = {isa = PBXBuildFile; fileRef = 77E7EAF41EE097C000F00552 /* AppDelegate.swift */; };
		77E7EAF71EE097C000F00552 /* ViewController.swift in Sources */ = {isa = PBXBuildFile; fileRef = 77E7EAF61EE097C000F00552 /* ViewController.swift */; };
		77E7EAFA1EE097C000F00552 /* Main.storyboard in Resources */ = {isa = PBXBuildFile; fileRef = 77E7EAF81EE097C000F00552 /* Main.storyboard */; };
		77E7EAFC1EE097C000F00552 /* Assets.xcassets in Resources */ = {isa = PBXBuildFile; fileRef = 77E7EAFB1EE097C000F00552 /* Assets.xcassets */; };
		77E7EAFF1EE097C000F00552 /* LaunchScreen.storyboard in Resources */ = {isa = PBXBuildFile; fileRef = 77E7EAFD1EE097C000F00552 /* LaunchScreen.storyboard */; };
/* End PBXBuildFile section */

/* Begin PBXFileReference section */
		77993F3B1EE6C04900E2B880 /* LoginManager.swift */ = {isa = PBXFileReference; fileEncoding = 4; lastKnownFileType = sourcecode.swift; path = LoginManager.swift; sourceTree = "<group>"; };
		77A77E081F0B759200CFB85D /* Constants.swift */ = {isa = PBXFileReference; fileEncoding = 4; lastKnownFileType = sourcecode.swift; path = Constants.swift; sourceTree = "<group>"; };
		77A77E0A1F0B778800CFB85D /* SoundCloudAuthenticator.swift */ = {isa = PBXFileReference; fileEncoding = 4; lastKnownFileType = sourcecode.swift; name = SoundCloudAuthenticator.swift; path = ../../SoundCloudAuthenticator.swift; sourceTree = "<group>"; };
		77A77E0B1F0B778800CFB85D /* SoundCloudLoginViewController.swift */ = {isa = PBXFileReference; fileEncoding = 4; lastKnownFileType = sourcecode.swift; name = SoundCloudLoginViewController.swift; path = ../../SoundCloudLoginViewController.swift; sourceTree = "<group>"; };
		77E7EAF11EE097C000F00552 /* SCPlayer.app */ = {isa = PBXFileReference; explicitFileType = wrapper.application; includeInIndex = 0; path = SCPlayer.app; sourceTree = BUILT_PRODUCTS_DIR; };
		77E7EAF41EE097C000F00552 /* AppDelegate.swift */ = {isa = PBXFileReference; lastKnownFileType = sourcecode.swift; path = AppDelegate.swift; sourceTree = "<group>"; };
		77E7EAF61EE097C000F00552 /* ViewController.swift */ = {isa = PBXFileReference; lastKnownFileType = sourcecode.swift; path = ViewController.swift; sourceTree = "<group>"; };
		77E7EAF91EE097C000F00552 /* Base */ = {isa = PBXFileReference; lastKnownFileType = file.storyboard; name = Base; path = Base.lproj/Main.storyboard; sourceTree = "<group>"; };
		77E7EAFB1EE097C000F00552 /* Assets.xcassets */ = {isa = PBXFileReference; lastKnownFileType = folder.assetcatalog; path = Assets.xcassets; sourceTree = "<group>"; };
		77E7EAFE1EE097C000F00552 /* Base */ = {isa = PBXFileReference; lastKnownFileType = file.storyboard; name = Base; path = Base.lproj/LaunchScreen.storyboard; sourceTree = "<group>"; };
		77E7EB001EE097C000F00552 /* Info.plist */ = {isa = PBXFileReference; lastKnownFileType = text.plist.xml; path = Info.plist; sourceTree = "<group>"; };
/* End PBXFileReference section */

/* Begin PBXFrameworksBuildPhase section */
		77E7EAEE1EE097C000F00552 /* Frameworks */ = {
			isa = PBXFrameworksBuildPhase;
			buildActionMask = 2147483647;
			files = (
			);
			runOnlyForDeploymentPostprocessing = 0;
		};
/* End PBXFrameworksBuildPhase section */

/* Begin PBXGroup section */
		77E7EAE81EE097C000F00552 = {
			isa = PBXGroup;
			children = (
				77E7EAF31EE097C000F00552 /* SCPlayer */,
				77E7EAF21EE097C000F00552 /* Products */,
			);
			sourceTree = "<group>";
		};
		77E7EAF21EE097C000F00552 /* Products */ = {
			isa = PBXGroup;
			children = (
				77E7EAF11EE097C000F00552 /* SCPlayer.app */,
			);
			name = Products;
			sourceTree = "<group>";
		};
		77E7EAF31EE097C000F00552 /* SCPlayer */ = {
			isa = PBXGroup;
			children = (
				77A77E0A1F0B778800CFB85D /* SoundCloudAuthenticator.swift */,
				77A77E0B1F0B778800CFB85D /* SoundCloudLoginViewController.swift */,
				77E7EAF41EE097C000F00552 /* AppDelegate.swift */,
				77E7EAF61EE097C000F00552 /* ViewController.swift */,
				77993F3B1EE6C04900E2B880 /* LoginManager.swift */,
				77A77E081F0B759200CFB85D /* Constants.swift */,
				77E7EAF81EE097C000F00552 /* Main.storyboard */,
				77E7EAFB1EE097C000F00552 /* Assets.xcassets */,
				77E7EAFD1EE097C000F00552 /* LaunchScreen.storyboard */,
				77E7EB001EE097C000F00552 /* Info.plist */,
			);
			path = SCPlayer;
			sourceTree = "<group>";
		};
/* End PBXGroup section */

/* Begin PBXNativeTarget section */
		77E7EAF01EE097C000F00552 /* SCPlayer */ = {
			isa = PBXNativeTarget;
			buildConfigurationList = 77E7EB031EE097C000F00552 /* Build configuration list for PBXNativeTarget "SCPlayer" */;
			buildPhases = (
				77E7EAED1EE097C000F00552 /* Sources */,
				77E7EAEE1EE097C000F00552 /* Frameworks */,
				77E7EAEF1EE097C000F00552 /* Resources */,
			);
			buildRules = (
			);
			dependencies = (
			);
			name = SCPlayer;
			productName = SCPlayer;
			productReference = 77E7EAF11EE097C000F00552 /* SCPlayer.app */;
			productType = "com.apple.product-type.application";
		};
/* End PBXNativeTarget section */

/* Begin PBXProject section */
		77E7EAE91EE097C000F00552 /* Project object */ = {
			isa = PBXProject;
			attributes = {
				LastSwiftUpdateCheck = 0830;
				LastUpgradeCheck = 0830;
				ORGANIZATIONNAME = "Viktor Olesenko";
				TargetAttributes = {
					77E7EAF01EE097C000F00552 = {
						CreatedOnToolsVersion = 8.3.2;
						ProvisioningStyle = Manual;
					};
				};
			};
			buildConfigurationList = 77E7EAEC1EE097C000F00552 /* Build configuration list for PBXProject "SCPlayer" */;
			compatibilityVersion = "Xcode 3.2";
			developmentRegion = English;
			hasScannedForEncodings = 0;
			knownRegions = (
				en,
				Base,
			);
			mainGroup = 77E7EAE81EE097C000F00552;
			productRefGroup = 77E7EAF21EE097C000F00552 /* Products */;
			projectDirPath = "";
			projectRoot = "";
			targets = (
				77E7EAF01EE097C000F00552 /* SCPlayer */,
			);
		};
/* End PBXProject section */

/* Begin PBXResourcesBuildPhase section */
		77E7EAEF1EE097C000F00552 /* Resources */ = {
			isa = PBXResourcesBuildPhase;
			buildActionMask = 2147483647;
			files = (
				77E7EAFF1EE097C000F00552 /* LaunchScreen.storyboard in Resources */,
				77E7EAFC1EE097C000F00552 /* Assets.xcassets in Resources */,
				77E7EAFA1EE097C000F00552 /* Main.storyboard in Resources */,
			);
			runOnlyForDeploymentPostprocessing = 0;
		};
/* End PBXResourcesBuildPhase section */

/* Begin PBXSourcesBuildPhase section */
		77E7EAED1EE097C000F00552 /* Sources */ = {
			isa = PBXSourcesBuildPhase;
			buildActionMask = 2147483647;
			files = (
				77993F3C1EE6C04900E2B880 /* LoginManager.swift in Sources */,
				77E7EAF71EE097C000F00552 /* ViewController.swift in Sources */,
				77E7EAF51EE097C000F00552 /* AppDelegate.swift in Sources */,
				77A77E0C1F0B778800CFB85D /* SoundCloudAuthenticator.swift in Sources */,
				77A77E0D1F0B778800CFB85D /* SoundCloudLoginViewController.swift in Sources */,
				77A77E091F0B759200CFB85D /* Constants.swift in Sources */,
			);
			runOnlyForDeploymentPostprocessing = 0;
		};
/* End PBXSourcesBuildPhase section */

/* Begin PBXVariantGroup section */
		77E7EAF81EE097C000F00552 /* Main.storyboard */ = {
			isa = PBXVariantGroup;
			children = (
				77E7EAF91EE097C000F00552 /* Base */,
			);
			name = Main.storyboard;
			sourceTree = "<group>";
		};
		77E7EAFD1EE097C000F00552 /* LaunchScreen.storyboard */ = {
			isa = PBXVariantGroup;
			children = (
				77E7EAFE1EE097C000F00552 /* Base */,
			);
			name = LaunchScreen.storyboard;
			sourceTree = "<group>";
		};
/* End PBXVariantGroup section */

/* Begin XCBuildConfiguration section */
		77E7EB011EE097C000F00552 /* Debug */ = {
			isa = XCBuildConfiguration;
			buildSettings = {
				ALWAYS_SEARCH_USER_PATHS = NO;
				CLANG_ANALYZER_NONNULL = YES;
				CLANG_ANALYZER_NUMBER_OBJECT_CONVERSION = YES_AGGRESSIVE;
				CLANG_CXX_LANGUAGE_STANDARD = "gnu++0x";
				CLANG_CXX_LIBRARY = "libc++";
				CLANG_ENABLE_MODULES = YES;
				CLANG_ENABLE_OBJC_ARC = YES;
				CLANG_WARN_BOOL_CONVERSION = YES;
				CLANG_WARN_CONSTANT_CONVERSION = YES;
				CLANG_WARN_DIRECT_OBJC_ISA_USAGE = YES_ERROR;
				CLANG_WARN_DOCUMENTATION_COMMENTS = YES;
				CLANG_WARN_EMPTY_BODY = YES;
				CLANG_WARN_ENUM_CONVERSION = YES;
				CLANG_WARN_INFINITE_RECURSION = YES;
				CLANG_WARN_INT_CONVERSION = YES;
				CLANG_WARN_OBJC_ROOT_CLASS = YES_ERROR;
				CLANG_WARN_SUSPICIOUS_MOVE = YES;
				CLANG_WARN_UNREACHABLE_CODE = YES;
				CLANG_WARN__DUPLICATE_METHOD_MATCH = YES;
				"CODE_SIGN_IDENTITY[sdk=iphoneos*]" = "iPhone Developer";
				COPY_PHASE_STRIP = NO;
				DEBUG_INFORMATION_FORMAT = dwarf;
				ENABLE_STRICT_OBJC_MSGSEND = YES;
				ENABLE_TESTABILITY = YES;
				GCC_C_LANGUAGE_STANDARD = gnu99;
				GCC_DYNAMIC_NO_PIC = NO;
				GCC_NO_COMMON_BLOCKS = YES;
				GCC_OPTIMIZATION_LEVEL = 0;
				GCC_PREPROCESSOR_DEFINITIONS = (
					"DEBUG=1",
					"$(inherited)",
				);
				GCC_WARN_64_TO_32_BIT_CONVERSION = YES;
				GCC_WARN_ABOUT_RETURN_TYPE = YES_ERROR;
				GCC_WARN_UNDECLARED_SELECTOR = YES;
				GCC_WARN_UNINITIALIZED_AUTOS = YES_AGGRESSIVE;
				GCC_WARN_UNUSED_FUNCTION = YES;
				GCC_WARN_UNUSED_VARIABLE = YES;
				IPHONEOS_DEPLOYMENT_TARGET = 10.3;
				MTL_ENABLE_DEBUG_INFO = YES;
				ONLY_ACTIVE_ARCH = YES;
				SDKROOT = iphoneos;
				SWIFT_ACTIVE_COMPILATION_CONDITIONS = DEBUG;
				SWIFT_OPTIMIZATION_LEVEL = "-Onone";
				TARGETED_DEVICE_FAMILY = "1,2";
			};
			name = Debug;
		};
		77E7EB021EE097C000F00552 /* Release */ = {
			isa = XCBuildConfiguration;
			buildSettings = {
				ALWAYS_SEARCH_USER_PATHS = NO;
				CLANG_ANALYZER_NONNULL = YES;
				CLANG_ANALYZER_NUMBER_OBJECT_CONVERSION = YES_AGGRESSIVE;
				CLANG_CXX_LANGUAGE_STANDARD = "gnu++0x";
				CLANG_CXX_LIBRARY = "libc++";
				CLANG_ENABLE_MODULES = YES;
				CLANG_ENABLE_OBJC_ARC = YES;
				CLANG_WARN_BOOL_CONVERSION = YES;
				CLANG_WARN_CONSTANT_CONVERSION = YES;
				CLANG_WARN_DIRECT_OBJC_ISA_USAGE = YES_ERROR;
				CLANG_WARN_DOCUMENTATION_COMMENTS = YES;
				CLANG_WARN_EMPTY_BODY = YES;
				CLANG_WARN_ENUM_CONVERSION = YES;
				CLANG_WARN_INFINITE_RECURSION = YES;
				CLANG_WARN_INT_CONVERSION = YES;
				CLANG_WARN_OBJC_ROOT_CLASS = YES_ERROR;
				CLANG_WARN_SUSPICIOUS_MOVE = YES;
				CLANG_WARN_UNREACHABLE_CODE = YES;
				CLANG_WARN__DUPLICATE_METHOD_MATCH = YES;
				"CODE_SIGN_IDENTITY[sdk=iphoneos*]" = "iPhone Developer";
				COPY_PHASE_STRIP = NO;
				DEBUG_INFORMATION_FORMAT = "dwarf-with-dsym";
				ENABLE_NS_ASSERTIONS = NO;
				ENABLE_STRICT_OBJC_MSGSEND = YES;
				GCC_C_LANGUAGE_STANDARD = gnu99;
				GCC_NO_COMMON_BLOCKS = YES;
				GCC_WARN_64_TO_32_BIT_CONVERSION = YES;
				GCC_WARN_ABOUT_RETURN_TYPE = YES_ERROR;
				GCC_WARN_UNDECLARED_SELECTOR = YES;
				GCC_WARN_UNINITIALIZED_AUTOS = YES_AGGRESSIVE;
				GCC_WARN_UNUSED_FUNCTION = YES;
				GCC_WARN_UNUSED_VARIABLE = YES;
				IPHONEOS_DEPLOYMENT_TARGET = 10.3;
				MTL_ENABLE_DEBUG_INFO = NO;
				SDKROOT = iphoneos;
				SWIFT_OPTIMIZATION_LEVEL = "-Owholemodule";
				TARGETED_DEVICE_FAMILY = "1,2";
				VALIDATE_PRODUCT = YES;
			};
			name = Release;
		};
		77E7EB041EE097C000F00552 /* Debug */ = {
			isa = XCBuildConfiguration;
			buildSettings = {
				ASSETCATALOG_COMPILER_APPICON_NAME = AppIcon;
				DEVELOPMENT_TEAM = "";
				INFOPLIST_FILE = SCPlayer/Info.plist;
				IPHONEOS_DEPLOYMENT_TARGET = 9.3;
				LD_RUNPATH_SEARCH_PATHS = "$(inherited) @executable_path/Frameworks";
				PRODUCT_BUNDLE_IDENTIFIER = com.steelkiwi.SCPlayer;
				PRODUCT_NAME = "$(TARGET_NAME)";
				PROVISIONING_PROFILE_SPECIFIER = "";
				SWIFT_VERSION = 3.0;
			};
			name = Debug;
		};
		77E7EB051EE097C000F00552 /* Release */ = {
			isa = XCBuildConfiguration;
			buildSettings = {
				ASSETCATALOG_COMPILER_APPICON_NAME = AppIcon;
				DEVELOPMENT_TEAM = "";
				INFOPLIST_FILE = SCPlayer/Info.plist;
				IPHONEOS_DEPLOYMENT_TARGET = 9.3;
				LD_RUNPATH_SEARCH_PATHS = "$(inherited) @executable_path/Frameworks";
				PRODUCT_BUNDLE_IDENTIFIER = com.steelkiwi.SCPlayer;
				PRODUCT_NAME = "$(TARGET_NAME)";
				PROVISIONING_PROFILE_SPECIFIER = "";
				SWIFT_VERSION = 3.0;
			};
			name = Release;
		};
/* End XCBuildConfiguration section */

/* Begin XCConfigurationList section */
		77E7EAEC1EE097C000F00552 /* Build configuration list for PBXProject "SCPlayer" */ = {
			isa = XCConfigurationList;
			buildConfigurations = (
				77E7EB011EE097C000F00552 /* Debug */,
				77E7EB021EE097C000F00552 /* Release */,
			);
			defaultConfigurationIsVisible = 0;
			defaultConfigurationName = Release;
		};
		77E7EB031EE097C000F00552 /* Build configuration list for PBXNativeTarget "SCPlayer" */ = {
			isa = XCConfigurationList;
			buildConfigurations = (
				77E7EB041EE097C000F00552 /* Debug */,
				77E7EB051EE097C000F00552 /* Release */,
			);
			defaultConfigurationIsVisible = 0;
			defaultConfigurationName = Release;
		};
/* End XCConfigurationList section */
	};
	rootObject = 77E7EAE91EE097C000F00552 /* Project object */;
}
